
Microsoft Visual Studio Solution File, Format Version 12.00
# Visual Studio 15
VisualStudioVersion = 15.0.26430.15
MinimumVisualStudioVersion = 10.0.40219.1
Project("{9A19103F-16F7-4668-BE54-9A1E7A4F7556}") = "RiotGamesApi", "RiotGamesApi\RiotGamesApi.csproj", "{D827A3C3-A887-4630-B42A-9EA5C431E36C}"
EndProject
Project("{9A19103F-16F7-4668-BE54-9A1E7A4F7556}") = "RiotGamesApi.AspNetCore", "RiotGamesApi.AspNetCore\RiotGamesApi.AspNetCore.csproj", "{D1C3257C-4F15-4F7D-9CA5-7B26F73AB9FD}"
EndProject
Project("{9A19103F-16F7-4668-BE54-9A1E7A4F7556}") = "RiotGamesApi.Tests", "RiotGamesApi.Tests\RiotGamesApi.Tests.csproj", "{7D6C83F5-4BC9-4371-96A9-C2E84FB461D7}"
EndProject
Project("{9A19103F-16F7-4668-BE54-9A1E7A4F7556}") = "RiotGamesApi.AspNetCore.Web", "RiotGamesApi.AspNetCore.Web\RiotGamesApi.AspNetCore.Web.csproj", "{0039E505-521A-48C7-B5E3-E1EC328FFE3D}"
EndProject
Project("{FAE04EC0-301F-11D3-BF4B-00C04F79EFBC}") = "RiotGamesApi.AspNet", "RiotGamesApi.AspNet\RiotGamesApi.AspNet.csproj", "{B4B2F05C-F9F9-4B4F-A64D-60A686C546AA}"
EndProject
Project("{FAE04EC0-301F-11D3-BF4B-00C04F79EFBC}") = "RiotGamesApi.AspNet.Web", "RiotGamesApi.AspNet.Web\RiotGamesApi.AspNet.Web.csproj", "{9E28FB22-4958-4B0D-86E6-2FB2D8642204}"
EndProject
Project("{2150E333-8FDC-42A3-9474-1A3956D46DE8}") = "AspNet", "AspNet", "{BA6EEB63-F74A-4BB3-B436-792418BBA9A6}"
EndProject
Project("{2150E333-8FDC-42A3-9474-1A3956D46DE8}") = "AspNetCore", "AspNetCore", "{22082686-A601-495D-99E2-79F46027E7E2}"
EndProject
Project("{2150E333-8FDC-42A3-9474-1A3956D46DE8}") = "API", "API", "{A0A45CA9-A01C-47F5-B0E2-CD5EF030C931}"
EndProject
Project("{2150E333-8FDC-42A3-9474-1A3956D46DE8}") = "TESTS", "TESTS", "{00F93B4B-540D-45B8-836D-E6FD0EE68664}"
EndProject
Global
	GlobalSection(SolutionConfigurationPlatforms) = preSolution
		Debug|Any CPU = Debug|Any CPU
		Release|Any CPU = Release|Any CPU
	EndGlobalSection
	GlobalSection(ProjectConfigurationPlatforms) = postSolution
		{D827A3C3-A887-4630-B42A-9EA5C431E36C}.Debug|Any CPU.ActiveCfg = Debug|Any CPU
		{D827A3C3-A887-4630-B42A-9EA5C431E36C}.Debug|Any CPU.Build.0 = Debug|Any CPU
		{D827A3C3-A887-4630-B42A-9EA5C431E36C}.Release|Any CPU.ActiveCfg = Release|Any CPU
		{D827A3C3-A887-4630-B42A-9EA5C431E36C}.Release|Any CPU.Build.0 = Release|Any CPU
		{D1C3257C-4F15-4F7D-9CA5-7B26F73AB9FD}.Debug|Any CPU.ActiveCfg = Debug|Any CPU
		{D1C3257C-4F15-4F7D-9CA5-7B26F73AB9FD}.Debug|Any CPU.Build.0 = Debug|Any CPU
		{D1C3257C-4F15-4F7D-9CA5-7B26F73AB9FD}.Release|Any CPU.ActiveCfg = Release|Any CPU
		{D1C3257C-4F15-4F7D-9CA5-7B26F73AB9FD}.Release|Any CPU.Build.0 = Release|Any CPU
		{7D6C83F5-4BC9-4371-96A9-C2E84FB461D7}.Debug|Any CPU.ActiveCfg = Debug|Any CPU
		{7D6C83F5-4BC9-4371-96A9-C2E84FB461D7}.Debug|Any CPU.Build.0 = Debug|Any CPU
		{7D6C83F5-4BC9-4371-96A9-C2E84FB461D7}.Release|Any CPU.ActiveCfg = Release|Any CPU
		{7D6C83F5-4BC9-4371-96A9-C2E84FB461D7}.Release|Any CPU.Build.0 = Release|Any CPU
		{0039E505-521A-48C7-B5E3-E1EC328FFE3D}.Debug|Any CPU.ActiveCfg = Debug|Any CPU
		{0039E505-521A-48C7-B5E3-E1EC328FFE3D}.Debug|Any CPU.Build.0 = Debug|Any CPU
		{0039E505-521A-48C7-B5E3-E1EC328FFE3D}.Release|Any CPU.ActiveCfg = Release|Any CPU
		{0039E505-521A-48C7-B5E3-E1EC328FFE3D}.Release|Any CPU.Build.0 = Release|Any CPU
		{B4B2F05C-F9F9-4B4F-A64D-60A686C546AA}.Debug|Any CPU.ActiveCfg = Debug|Any CPU
		{B4B2F05C-F9F9-4B4F-A64D-60A686C546AA}.Debug|Any CPU.Build.0 = Debug|Any CPU
		{B4B2F05C-F9F9-4B4F-A64D-60A686C546AA}.Release|Any CPU.ActiveCfg = Release|Any CPU
		{B4B2F05C-F9F9-4B4F-A64D-60A686C546AA}.Release|Any CPU.Build.0 = Release|Any CPU
		{9E28FB22-4958-4B0D-86E6-2FB2D8642204}.Debug|Any CPU.ActiveCfg = Debug|Any CPU
		{9E28FB22-4958-4B0D-86E6-2FB2D8642204}.Debug|Any CPU.Build.0 = Debug|Any CPU
		{9E28FB22-4958-4B0D-86E6-2FB2D8642204}.Release|Any CPU.ActiveCfg = Release|Any CPU
		{9E28FB22-4958-4B0D-86E6-2FB2D8642204}.Release|Any CPU.Build.0 = Release|Any CPU
	EndGlobalSection
	GlobalSection(SolutionProperties) = preSolution
		HideSolutionNode = FALSE
	EndGlobalSection
	GlobalSection(NestedProjects) = preSolution
		{D827A3C3-A887-4630-B42A-9EA5C431E36C} = {A0A45CA9-A01C-47F5-B0E2-CD5EF030C931}
		{D1C3257C-4F15-4F7D-9CA5-7B26F73AB9FD} = {22082686-A601-495D-99E2-79F46027E7E2}
		{7D6C83F5-4BC9-4371-96A9-C2E84FB461D7} = {00F93B4B-540D-45B8-836D-E6FD0EE68664}
		{0039E505-521A-48C7-B5E3-E1EC328FFE3D} = {22082686-A601-495D-99E2-79F46027E7E2}
		{B4B2F05C-F9F9-4B4F-A64D-60A686C546AA} = {BA6EEB63-F74A-4BB3-B436-792418BBA9A6}
		{9E28FB22-4958-4B0D-86E6-2FB2D8642204} = {BA6EEB63-F74A-4BB3-B436-792418BBA9A6}
	EndGlobalSection
EndGlobal
