
Microsoft Visual Studio Solution File, Format Version 12.00
# Visual Studio 15
VisualStudioVersion = 15.0.26430.15
MinimumVisualStudioVersion = 10.0.40219.1
Project("{9A19103F-16F7-4668-BE54-9A1E7A4F7556}") = "RiotGamesApi", "RiotGamesApi\RiotGamesApi.csproj", "{D827A3C3-A887-4630-B42A-9EA5C431E36C}"
EndProject
Project("{9A19103F-16F7-4668-BE54-9A1E7A4F7556}") = "RiotGamesApi.AspNetCore", "RiotGamesApi.AspNetCore\RiotGamesApi.AspNetCore.csproj", "{D1C3257C-4F15-4F7D-9CA5-7B26F73AB9FD}"
EndProject
Project("{FAE04EC0-301F-11D3-BF4B-00C04F79EFBC}") = "RiotGamesApi.Tests", "RiotGamesApi.Tests\RiotGamesApi.Tests.csproj", "{7D6C83F5-4BC9-4371-96A9-C2E84FB461D7}"
EndProject
Project("{FAE04EC0-301F-11D3-BF4B-00C04F79EFBC}") = "RiotGamesApi.Web", "RiotGamesApi.Web\RiotGamesApi.Web.csproj", "{0039E505-521A-48C7-B5E3-E1EC328FFE3D}"
EndProject
Global
	GlobalSection(SolutionConfigurationPlatforms) = preSolution
		Debug|Any CPU = Debug|Any CPU
		Release|Any CPU = Release|Any CPU
	EndGlobalSection
	GlobalSection(ProjectConfigurationPlatforms) = postSolution
		{D827A3C3-A887-4630-B42A-9EA5C431E36C}.Debug|Any CPU.ActiveCfg = Debug|Any CPU
		{D827A3C3-A887-4630-B42A-9EA5C431E36C}.Debug|Any CPU.Build.0 = Debug|Any CPU
		{D827A3C3-A887-4630-B42A-9EA5C431E36C}.Release|Any CPU.ActiveCfg = Release|Any CPU
		{D827A3C3-A887-4630-B42A-9EA5C431E36C}.Release|Any CPU.Build.0 = Release|Any CPU
		{D1C3257C-4F15-4F7D-9CA5-7B26F73AB9FD}.Debug|Any CPU.ActiveCfg = Debug|Any CPU
		{D1C3257C-4F15-4F7D-9CA5-7B26F73AB9FD}.Debug|Any CPU.Build.0 = Debug|Any CPU
		{D1C3257C-4F15-4F7D-9CA5-7B26F73AB9FD}.Release|Any CPU.ActiveCfg = Release|Any CPU
		{D1C3257C-4F15-4F7D-9CA5-7B26F73AB9FD}.Release|Any CPU.Build.0 = Release|Any CPU
		{7D6C83F5-4BC9-4371-96A9-C2E84FB461D7}.Debug|Any CPU.ActiveCfg = Debug|Any CPU
		{7D6C83F5-4BC9-4371-96A9-C2E84FB461D7}.Debug|Any CPU.Build.0 = Debug|Any CPU
		{7D6C83F5-4BC9-4371-96A9-C2E84FB461D7}.Release|Any CPU.ActiveCfg = Release|Any CPU
		{7D6C83F5-4BC9-4371-96A9-C2E84FB461D7}.Release|Any CPU.Build.0 = Release|Any CPU
		{0039E505-521A-48C7-B5E3-E1EC328FFE3D}.Debug|Any CPU.ActiveCfg = Debug|Any CPU
		{0039E505-521A-48C7-B5E3-E1EC328FFE3D}.Debug|Any CPU.Build.0 = Debug|Any CPU
		{0039E505-521A-48C7-B5E3-E1EC328FFE3D}.Release|Any CPU.ActiveCfg = Release|Any CPU
		{0039E505-521A-48C7-B5E3-E1EC328FFE3D}.Release|Any CPU.Build.0 = Release|Any CPU
	EndGlobalSection
	GlobalSection(SolutionProperties) = preSolution
		HideSolutionNode = FALSE
	EndGlobalSection
EndGlobal
